{
  "originHash" : "3dcde20b7692d263e29d63a430be18019e2247321a7589567cb9afaa9eb80684",
  "pins" : [
    {
      "identity" : "HaishinKit.HaishinKit_swift",
      "kind" : "registry",
      "location" : "",
      "state" : {
        "version" : "2.0.1"
      }
    },
    {
      "identity" : "logboard",
      "kind" : "remoteSourceControl",
      "location" : "https://github.com/shogo4405/Logboard.git",
      "state" : {
        "revision" : "272976e1f3e8873e60ffe4b08fe50df48a93751b",
        "version" : "2.5.0"
      }
    },
    {
      "identity" : "pointfreeco.swift-concurrency-extras",
      "kind" : "registry",
      "location" : "",
      "state" : {
        "version" : "1.3.2"
      }
    }
  ],
  "version" : 3
}
