{
  "originHash" : "876830d406e03a2896b57046db5359719a0b34d9de1e4349d9de607816366aa0",
  "pins" : [
    {
      "identity" : "HaishinKit.HaishinKit_swift",
      "kind" : "registry",
      "location" : "",
      "state" : {
        "version" : "2.2.5"
      }
    },
    {
      "identity" : "logboard",
      "kind" : "remoteSourceControl",
      "location" : "https://github.com/shogo4405/Logboard.git",
      "state" : {
        "revision" : "8f41c63afb903040b77049ee2efa8c257b8c0d50",
        "version" : "2.6.0"
      }
    },
    {
      "identity" : "pointfreeco.swift-concurrency-extras",
      "kind" : "registry",
      "location" : "",
      "state" : {
        "version" : "1.3.2"
      }
    }
  ],
  "version" : 3
}
